
Microsoft Visual Studio Solution File, Format Version 12.00
# Visual Studio Version 16
VisualStudioVersion = 16.0.30011.22
MinimumVisualStudioVersion = 10.0.40219.1
Project("{9A19103F-16F7-4668-BE54-9A1E7A4F7556}") = "BeerApp.Core", "BeerApp.Core\BeerApp.Core.csproj", "{5E9BE596-DA9A-447D-8708-73B3BE12744E}"
EndProject
Project("{9A19103F-16F7-4668-BE54-9A1E7A4F7556}") = "BeerApp.Infrastructure", "BeerApp.Infrastructure\BeerApp.Infrastructure.csproj", "{E7E29163-48D9-4AB2-99F2-A6046D591D19}"
EndProject
Project("{FAE04EC0-301F-11D3-BF4B-00C04F79EFBC}") = "UnitTesting", "UnitTesting\UnitTesting.csproj", "{E798F941-0398-4D64-BAD7-D12921370D63}"
EndProject
Project("{FAE04EC0-301F-11D3-BF4B-00C04F79EFBC}") = "BeerApp.API", "BeerApp.API\BeerApp.API.csproj", "{CD4DD898-59BF-4B6D-8800-3415A421BD01}"
EndProject
Global
	GlobalSection(SolutionConfigurationPlatforms) = preSolution
		Debug|Any CPU = Debug|Any CPU
		Release|Any CPU = Release|Any CPU
	EndGlobalSection
	GlobalSection(ProjectConfigurationPlatforms) = postSolution
		{5E9BE596-DA9A-447D-8708-73B3BE12744E}.Debug|Any CPU.ActiveCfg = Debug|Any CPU
		{5E9BE596-DA9A-447D-8708-73B3BE12744E}.Debug|Any CPU.Build.0 = Debug|Any CPU
		{5E9BE596-DA9A-447D-8708-73B3BE12744E}.Release|Any CPU.ActiveCfg = Release|Any CPU
		{5E9BE596-DA9A-447D-8708-73B3BE12744E}.Release|Any CPU.Build.0 = Release|Any CPU
		{E7E29163-48D9-4AB2-99F2-A6046D591D19}.Debug|Any CPU.ActiveCfg = Debug|Any CPU
		{E7E29163-48D9-4AB2-99F2-A6046D591D19}.Debug|Any CPU.Build.0 = Debug|Any CPU
		{E7E29163-48D9-4AB2-99F2-A6046D591D19}.Release|Any CPU.ActiveCfg = Release|Any CPU
		{E7E29163-48D9-4AB2-99F2-A6046D591D19}.Release|Any CPU.Build.0 = Release|Any CPU
		{E798F941-0398-4D64-BAD7-D12921370D63}.Debug|Any CPU.ActiveCfg = Debug|Any CPU
		{E798F941-0398-4D64-BAD7-D12921370D63}.Debug|Any CPU.Build.0 = Debug|Any CPU
		{E798F941-0398-4D64-BAD7-D12921370D63}.Release|Any CPU.ActiveCfg = Release|Any CPU
		{E798F941-0398-4D64-BAD7-D12921370D63}.Release|Any CPU.Build.0 = Release|Any CPU
		{CD4DD898-59BF-4B6D-8800-3415A421BD01}.Debug|Any CPU.ActiveCfg = Debug|Any CPU
		{CD4DD898-59BF-4B6D-8800-3415A421BD01}.Debug|Any CPU.Build.0 = Debug|Any CPU
		{CD4DD898-59BF-4B6D-8800-3415A421BD01}.Release|Any CPU.ActiveCfg = Release|Any CPU
		{CD4DD898-59BF-4B6D-8800-3415A421BD01}.Release|Any CPU.Build.0 = Release|Any CPU
	EndGlobalSection
	GlobalSection(SolutionProperties) = preSolution
		HideSolutionNode = FALSE
	EndGlobalSection
	GlobalSection(ExtensibilityGlobals) = postSolution
		SolutionGuid = {F46AC1D8-9E5C-4372-B8B3-1E6AC639BE35}
	EndGlobalSection
EndGlobal
